
Microsoft Visual Studio Solution File, Format Version 12.00
# Visual Studio Version 17
VisualStudioVersion = 17.7.34024.191
MinimumVisualStudioVersion = 10.0.40219.1
Project("{9A19103F-16F7-4668-BE54-9A1E7A4F7556}") = "Logistic", "Logistic\Logistic.csproj", "{3EC0DF55-3B91-4D97-9FCB-06164205D478}"
EndProject
Project("{2150E333-8FDC-42A3-9474-1A3956D46DE8}") = "Business", "Business", "{BD31E438-8E9E-4B80-8EFB-3DC1D996D267}"
EndProject
Project("{9A19103F-16F7-4668-BE54-9A1E7A4F7556}") = "Business", "Business\Business.csproj", "{3C0C69B3-815F-416D-9255-23AC3918E367}"
EndProject
Project("{9A19103F-16F7-4668-BE54-9A1E7A4F7556}") = "Core", "Core\Core.csproj", "{3FE4B18F-6FB5-4794-B8A0-3DE042379F71}"
EndProject
Project("{9A19103F-16F7-4668-BE54-9A1E7A4F7556}") = "Entity", "Entity\Entity.csproj", "{0A620E09-5071-4B1E-B49A-DD3C679B5F16}"
EndProject
Project("{9A19103F-16F7-4668-BE54-9A1E7A4F7556}") = "Dataacces", "Dataacces\Dataacces.csproj", "{A85B4324-7E89-489A-8EF9-6B2C284991F5}"
EndProject
Project("{2150E333-8FDC-42A3-9474-1A3956D46DE8}") = "CompanyAPI", "CompanyAPI", "{FB59E050-5BFC-44B2-9E7C-585058447276}"
EndProject
Project("{9A19103F-16F7-4668-BE54-9A1E7A4F7556}") = "CompanyA", "CompanyA\CompanyA.csproj", "{A7229AD7-4D14-4C63-B7F1-BABB50219A25}"
EndProject
Project("{9A19103F-16F7-4668-BE54-9A1E7A4F7556}") = "Security", "Security\Security.csproj", "{B007812C-1AD7-4C5D-8610-396CA1D1F936}"
EndProject
Project("{9A19103F-16F7-4668-BE54-9A1E7A4F7556}") = "ErroHandler", "ErroHandler\ErroHandler.csproj", "{A562246C-F1F6-4B89-A815-55836E9C3F1E}"
EndProject
Project("{FAE04EC0-301F-11D3-BF4B-00C04F79EFBC}") = "SchedulerService", "SchedulerService\SchedulerService.csproj", "{585C876B-A011-498D-9B2E-9D48920478D4}"
EndProject
Project("{FAE04EC0-301F-11D3-BF4B-00C04F79EFBC}") = "CompanyB", "CompanyB\CompanyB.csproj", "{E0A3ED1F-AEA5-46AE-A530-DB119439EBA5}"
EndProject
Global
	GlobalSection(SolutionConfigurationPlatforms) = preSolution
		Debug|Any CPU = Debug|Any CPU
		Release|Any CPU = Release|Any CPU
	EndGlobalSection
	GlobalSection(ProjectConfigurationPlatforms) = postSolution
		{3EC0DF55-3B91-4D97-9FCB-06164205D478}.Debug|Any CPU.ActiveCfg = Debug|Any CPU
		{3EC0DF55-3B91-4D97-9FCB-06164205D478}.Debug|Any CPU.Build.0 = Debug|Any CPU
		{3EC0DF55-3B91-4D97-9FCB-06164205D478}.Release|Any CPU.ActiveCfg = Release|Any CPU
		{3EC0DF55-3B91-4D97-9FCB-06164205D478}.Release|Any CPU.Build.0 = Release|Any CPU
		{3C0C69B3-815F-416D-9255-23AC3918E367}.Debug|Any CPU.ActiveCfg = Debug|Any CPU
		{3C0C69B3-815F-416D-9255-23AC3918E367}.Debug|Any CPU.Build.0 = Debug|Any CPU
		{3C0C69B3-815F-416D-9255-23AC3918E367}.Release|Any CPU.ActiveCfg = Release|Any CPU
		{3C0C69B3-815F-416D-9255-23AC3918E367}.Release|Any CPU.Build.0 = Release|Any CPU
		{3FE4B18F-6FB5-4794-B8A0-3DE042379F71}.Debug|Any CPU.ActiveCfg = Debug|Any CPU
		{3FE4B18F-6FB5-4794-B8A0-3DE042379F71}.Debug|Any CPU.Build.0 = Debug|Any CPU
		{3FE4B18F-6FB5-4794-B8A0-3DE042379F71}.Release|Any CPU.ActiveCfg = Release|Any CPU
		{3FE4B18F-6FB5-4794-B8A0-3DE042379F71}.Release|Any CPU.Build.0 = Release|Any CPU
		{0A620E09-5071-4B1E-B49A-DD3C679B5F16}.Debug|Any CPU.ActiveCfg = Debug|Any CPU
		{0A620E09-5071-4B1E-B49A-DD3C679B5F16}.Debug|Any CPU.Build.0 = Debug|Any CPU
		{0A620E09-5071-4B1E-B49A-DD3C679B5F16}.Release|Any CPU.ActiveCfg = Release|Any CPU
		{0A620E09-5071-4B1E-B49A-DD3C679B5F16}.Release|Any CPU.Build.0 = Release|Any CPU
		{A85B4324-7E89-489A-8EF9-6B2C284991F5}.Debug|Any CPU.ActiveCfg = Debug|Any CPU
		{A85B4324-7E89-489A-8EF9-6B2C284991F5}.Debug|Any CPU.Build.0 = Debug|Any CPU
		{A85B4324-7E89-489A-8EF9-6B2C284991F5}.Release|Any CPU.ActiveCfg = Release|Any CPU
		{A85B4324-7E89-489A-8EF9-6B2C284991F5}.Release|Any CPU.Build.0 = Release|Any CPU
		{A7229AD7-4D14-4C63-B7F1-BABB50219A25}.Debug|Any CPU.ActiveCfg = Debug|Any CPU
		{A7229AD7-4D14-4C63-B7F1-BABB50219A25}.Debug|Any CPU.Build.0 = Debug|Any CPU
		{A7229AD7-4D14-4C63-B7F1-BABB50219A25}.Release|Any CPU.ActiveCfg = Release|Any CPU
		{A7229AD7-4D14-4C63-B7F1-BABB50219A25}.Release|Any CPU.Build.0 = Release|Any CPU
		{B007812C-1AD7-4C5D-8610-396CA1D1F936}.Debug|Any CPU.ActiveCfg = Debug|Any CPU
		{B007812C-1AD7-4C5D-8610-396CA1D1F936}.Debug|Any CPU.Build.0 = Debug|Any CPU
		{B007812C-1AD7-4C5D-8610-396CA1D1F936}.Release|Any CPU.ActiveCfg = Release|Any CPU
		{B007812C-1AD7-4C5D-8610-396CA1D1F936}.Release|Any CPU.Build.0 = Release|Any CPU
		{A562246C-F1F6-4B89-A815-55836E9C3F1E}.Debug|Any CPU.ActiveCfg = Debug|Any CPU
		{A562246C-F1F6-4B89-A815-55836E9C3F1E}.Debug|Any CPU.Build.0 = Debug|Any CPU
		{A562246C-F1F6-4B89-A815-55836E9C3F1E}.Release|Any CPU.ActiveCfg = Release|Any CPU
		{A562246C-F1F6-4B89-A815-55836E9C3F1E}.Release|Any CPU.Build.0 = Release|Any CPU
		{585C876B-A011-498D-9B2E-9D48920478D4}.Debug|Any CPU.ActiveCfg = Debug|Any CPU
		{585C876B-A011-498D-9B2E-9D48920478D4}.Debug|Any CPU.Build.0 = Debug|Any CPU
		{585C876B-A011-498D-9B2E-9D48920478D4}.Release|Any CPU.ActiveCfg = Release|Any CPU
		{585C876B-A011-498D-9B2E-9D48920478D4}.Release|Any CPU.Build.0 = Release|Any CPU
		{E0A3ED1F-AEA5-46AE-A530-DB119439EBA5}.Debug|Any CPU.ActiveCfg = Debug|Any CPU
		{E0A3ED1F-AEA5-46AE-A530-DB119439EBA5}.Debug|Any CPU.Build.0 = Debug|Any CPU
		{E0A3ED1F-AEA5-46AE-A530-DB119439EBA5}.Release|Any CPU.ActiveCfg = Release|Any CPU
		{E0A3ED1F-AEA5-46AE-A530-DB119439EBA5}.Release|Any CPU.Build.0 = Release|Any CPU
	EndGlobalSection
	GlobalSection(SolutionProperties) = preSolution
		HideSolutionNode = FALSE
	EndGlobalSection
	GlobalSection(NestedProjects) = preSolution
		{3C0C69B3-815F-416D-9255-23AC3918E367} = {BD31E438-8E9E-4B80-8EFB-3DC1D996D267}
		{3FE4B18F-6FB5-4794-B8A0-3DE042379F71} = {BD31E438-8E9E-4B80-8EFB-3DC1D996D267}
		{0A620E09-5071-4B1E-B49A-DD3C679B5F16} = {BD31E438-8E9E-4B80-8EFB-3DC1D996D267}
		{A85B4324-7E89-489A-8EF9-6B2C284991F5} = {BD31E438-8E9E-4B80-8EFB-3DC1D996D267}
		{A7229AD7-4D14-4C63-B7F1-BABB50219A25} = {FB59E050-5BFC-44B2-9E7C-585058447276}
		{B007812C-1AD7-4C5D-8610-396CA1D1F936} = {BD31E438-8E9E-4B80-8EFB-3DC1D996D267}
		{A562246C-F1F6-4B89-A815-55836E9C3F1E} = {BD31E438-8E9E-4B80-8EFB-3DC1D996D267}
		{E0A3ED1F-AEA5-46AE-A530-DB119439EBA5} = {FB59E050-5BFC-44B2-9E7C-585058447276}
	EndGlobalSection
	GlobalSection(ExtensibilityGlobals) = postSolution
		SolutionGuid = {694CFA57-6472-4923-B3A3-178497252B3F}
	EndGlobalSection
EndGlobal
