
Microsoft Visual Studio Solution File, Format Version 12.00
# Visual Studio Version 17
VisualStudioVersion = 17.7.34024.191
MinimumVisualStudioVersion = 10.0.40219.1
Project("{9A19103F-16F7-4668-BE54-9A1E7A4F7556}") = "Logistic", "Logistic\Logistic.csproj", "{3EC0DF55-3B91-4D97-9FCB-06164205D478}"
EndProject
Project("{2150E333-8FDC-42A3-9474-1A3956D46DE8}") = "Business", "Business", "{BD31E438-8E9E-4B80-8EFB-3DC1D996D267}"
EndProject
Project("{FAE04EC0-301F-11D3-BF4B-00C04F79EFBC}") = "Business", "Business\Business.csproj", "{3C0C69B3-815F-416D-9255-23AC3918E367}"
EndProject
Project("{FAE04EC0-301F-11D3-BF4B-00C04F79EFBC}") = "Core", "Core\Core.csproj", "{3FE4B18F-6FB5-4794-B8A0-3DE042379F71}"
EndProject
Global
	GlobalSection(SolutionConfigurationPlatforms) = preSolution
		Debug|Any CPU = Debug|Any CPU
		Release|Any CPU = Release|Any CPU
	EndGlobalSection
	GlobalSection(ProjectConfigurationPlatforms) = postSolution
		{3EC0DF55-3B91-4D97-9FCB-06164205D478}.Debug|Any CPU.ActiveCfg = Debug|Any CPU
		{3EC0DF55-3B91-4D97-9FCB-06164205D478}.Debug|Any CPU.Build.0 = Debug|Any CPU
		{3EC0DF55-3B91-4D97-9FCB-06164205D478}.Release|Any CPU.ActiveCfg = Release|Any CPU
		{3EC0DF55-3B91-4D97-9FCB-06164205D478}.Release|Any CPU.Build.0 = Release|Any CPU
		{3C0C69B3-815F-416D-9255-23AC3918E367}.Debug|Any CPU.ActiveCfg = Debug|Any CPU
		{3C0C69B3-815F-416D-9255-23AC3918E367}.Debug|Any CPU.Build.0 = Debug|Any CPU
		{3C0C69B3-815F-416D-9255-23AC3918E367}.Release|Any CPU.ActiveCfg = Release|Any CPU
		{3C0C69B3-815F-416D-9255-23AC3918E367}.Release|Any CPU.Build.0 = Release|Any CPU
		{3FE4B18F-6FB5-4794-B8A0-3DE042379F71}.Debug|Any CPU.ActiveCfg = Debug|Any CPU
		{3FE4B18F-6FB5-4794-B8A0-3DE042379F71}.Debug|Any CPU.Build.0 = Debug|Any CPU
		{3FE4B18F-6FB5-4794-B8A0-3DE042379F71}.Release|Any CPU.ActiveCfg = Release|Any CPU
		{3FE4B18F-6FB5-4794-B8A0-3DE042379F71}.Release|Any CPU.Build.0 = Release|Any CPU
	EndGlobalSection
	GlobalSection(SolutionProperties) = preSolution
		HideSolutionNode = FALSE
	EndGlobalSection
	GlobalSection(NestedProjects) = preSolution
		{3C0C69B3-815F-416D-9255-23AC3918E367} = {BD31E438-8E9E-4B80-8EFB-3DC1D996D267}
		{3FE4B18F-6FB5-4794-B8A0-3DE042379F71} = {BD31E438-8E9E-4B80-8EFB-3DC1D996D267}
	EndGlobalSection
	GlobalSection(ExtensibilityGlobals) = postSolution
		SolutionGuid = {694CFA57-6472-4923-B3A3-178497252B3F}
	EndGlobalSection
EndGlobal
